
Microsoft Visual Studio Solution File, Format Version 12.00
# Visual Studio Version 17
VisualStudioVersion = 17.12.35527.113
MinimumVisualStudioVersion = 10.0.40219.1
Project("{FAE04EC0-301F-11D3-BF4B-00C04F79EFBC}") = "FendahlTraining", "FendahlTraining\FendahlTraining.csproj", "{FD420375-6521-4E33-8DFF-48518B328E01}"
EndProject
Project("{FAE04EC0-301F-11D3-BF4B-00C04F79EFBC}") = "ElectricityBillCalculator", "ElectricityBillCalculator\ElectricityBillCalculator.csproj", "{548712E7-E947-402F-9804-3BA2AB2C8190}"
EndProject
Project("{FAE04EC0-301F-11D3-BF4B-00C04F79EFBC}") = "SalaryCalculator", "SalaryCalculator\SalaryCalculator.csproj", "{32C3B100-BDB2-47B7-ABCD-EEEACDEC9E57}"
EndProject
Project("{FAE04EC0-301F-11D3-BF4B-00C04F79EFBC}") = "C#DataTypes&TypeCasting", "C#DataTypes&TypeCasting\C#DataTypes&TypeCasting.csproj", "{FA6EC25A-BF13-4F77-97A9-40A37CF29088}"
EndProject
Project("{FAE04EC0-301F-11D3-BF4B-00C04F79EFBC}") = "StringManipulationCSharp", "StringManipulationCSharp\StringManipulationCSharp.csproj", "{AEE1DE49-7B4C-4269-9BDD-6654FEE64426}"
EndProject
Project("{FAE04EC0-301F-11D3-BF4B-00C04F79EFBC}") = "DateTimeOperationsInCSharp", "DateTimeOperationsInCSharp\DateTimeOperationsInCSharp.csproj", "{021C92DB-56CC-4485-81F4-A8835AC3ADFD}"
EndProject
Project("{FAE04EC0-301F-11D3-BF4B-00C04F79EFBC}") = "EncapsulationInCSharp", "EncapsulationInCSharp\EncapsulationInCSharp.csproj", "{2521DED7-849C-4B08-BD39-705F2F65CD7C}"
EndProject
Project("{FAE04EC0-301F-11D3-BF4B-00C04F79EFBC}") = "PolymorphismInCSharp", "PolymorphismInCSharp\PolymorphismInCSharp.csproj", "{363476FA-3903-473C-98A1-F500D4A17B22}"
EndProject
Project("{FAE04EC0-301F-11D3-BF4B-00C04F79EFBC}") = "Is-A_Has-A_Relationsip", "Is-A_Has-A_Relationsip\Is-A_Has-A_Relationsip.csproj", "{9234EDF7-FECD-4DD7-AED0-B08AD32A319F}"
EndProject
Project("{FAE04EC0-301F-11D3-BF4B-00C04F79EFBC}") = "InheritanceInCSharp", "InheritanceInCSharp\InheritanceInCSharp.csproj", "{78F589ED-5C4F-4D36-B399-C5914C05AA3D}"
EndProject
Project("{FAE04EC0-301F-11D3-BF4B-00C04F79EFBC}") = "PersonalTraining", "PersonalTraining\PersonalTraining.csproj", "{F0E7E9C7-0C01-470D-B387-539FA9F0431C}"
EndProject
Project("{FAE04EC0-301F-11D3-BF4B-00C04F79EFBC}") = "SingletonDesignPattern", "SingletonDesignPattern\SingletonDesignPattern.csproj", "{BCB462E2-2E14-4C14-A51F-115C0B75D2FC}"
EndProject
Project("{FAE04EC0-301F-11D3-BF4B-00C04F79EFBC}") = "CopyConcepts", "CopyConcepts\CopyConcepts.csproj", "{748A1F0C-A865-4F3A-B346-20AC60CCC7B6}"
EndProject
Project("{FAE04EC0-301F-11D3-BF4B-00C04F79EFBC}") = "ClassesAndObjects", "ClassesAndObjects\ClassesAndObjects.csproj", "{6255E13A-5064-40E7-A709-BF9FF86ECF6C}"
EndProject
Project("{FAE04EC0-301F-11D3-BF4B-00C04F79EFBC}") = "LambdaExpressions&Predicate", "LambdaExpressions\LambdaExpressions&Predicate.csproj", "{3212AE19-6E26-41D5-8B53-E1C2847D8647}"
EndProject
Project("{FAE04EC0-301F-11D3-BF4B-00C04F79EFBC}") = "ConstructorsInCSharp", "ConstructorsInCSharp\ConstructorsInCSharp.csproj", "{AEA8320E-6530-41F8-9EE4-388291D64DC7}"
EndProject
Project("{FAE04EC0-301F-11D3-BF4B-00C04F79EFBC}") = "CouplingInCSharp", "CouplingInCSharp\CouplingInCSharp.csproj", "{2339B192-7DA4-453B-B998-AE196CDCBE41}"
EndProject
Project("{FAE04EC0-301F-11D3-BF4B-00C04F79EFBC}") = "E-CommerceProductPriceCalculator", "E-CommerceProductPriceCalculator\E-CommerceProductPriceCalculator.csproj", "{F1A17C4B-F8DC-4202-8EED-34DA7882C75B}"
EndProject
Project("{FAE04EC0-301F-11D3-BF4B-00C04F79EFBC}") = "MethodOverloadingExamples", "MethodOverloadingExamples\MethodOverloadingExamples.csproj", "{22364A00-2AF3-4363-BE91-3CA2FB70D1F4}"
EndProject
Project("{FAE04EC0-301F-11D3-BF4B-00C04F79EFBC}") = "MethodOverridingExamples", "MethodOverridingExamples\MethodOverridingExamples.csproj", "{540FB63B-C7B2-4D3E-A3FC-0F8F05CDA424}"
EndProject
Project("{FAE04EC0-301F-11D3-BF4B-00C04F79EFBC}") = "AbstractClasses", "AbstractClasses\AbstractClasses.csproj", "{B72DD373-3654-4277-AC6B-27933F8A667E}"
EndProject
Project("{FAE04EC0-301F-11D3-BF4B-00C04F79EFBC}") = "InterfaceInCsharp", "InterfaceInCsharp\InterfaceInCsharp.csproj", "{CEF8786A-C0A8-4B93-A00B-F8B80BF05A50}"
EndProject
Project("{FAE04EC0-301F-11D3-BF4B-00C04F79EFBC}") = "ExceptionHandelling", "ExceptionHandelling\ExceptionHandelling.csproj", "{D31D1AF6-16AE-4181-B895-A83FAA180DA5}"
EndProject
Project("{FAE04EC0-301F-11D3-BF4B-00C04F79EFBC}") = "SOLIDPrinciples", "SOLIDPrinciples\SOLIDPrinciples.csproj", "{BFB10276-8369-498C-9E77-5E2EA1B810B8}"
EndProject
Project("{FAE04EC0-301F-11D3-BF4B-00C04F79EFBC}") = "TestKt1", "TestKt1\TestKt1.csproj", "{8C9CA614-822A-4BE1-B046-0D8301D0CE43}"
EndProject
Project("{FAE04EC0-301F-11D3-BF4B-00C04F79EFBC}") = "FactoryDesignPattern", "FactoryDesignPattern\FactoryDesignPattern.csproj", "{4E92A7B3-6E67-4F55-9A8F-726933A8B2C8}"
EndProject
Project("{FAE04EC0-301F-11D3-BF4B-00C04F79EFBC}") = "BridgeDesignPattern", "BridgeDesignPattern\BridgeDesignPattern.csproj", "{52659467-595E-4BD8-906C-06136E9ED433}"
EndProject
Project("{FAE04EC0-301F-11D3-BF4B-00C04F79EFBC}") = "GenericsInCSharp", "GenericsInCSharp\GenericsInCSharp.csproj", "{367EA513-1310-457A-97FB-0F0B64771519}"
EndProject
Project("{FAE04EC0-301F-11D3-BF4B-00C04F79EFBC}") = "Collections&LINQ", "Collections&LINQ\Collections&LINQ.csproj", "{020D0C7A-5B2A-4E20-8454-B7705C43FA27}"
EndProject
Project("{FAE04EC0-301F-11D3-BF4B-00C04F79EFBC}") = "DelegatesInCSharp", "Delegates\DelegatesInCSharp.csproj", "{1C38AB41-7E69-4672-A2D6-F2A9BADBE97F}"
EndProject
Project("{FAE04EC0-301F-11D3-BF4B-00C04F79EFBC}") = "EventsInCSharp", "EventsInCSharp\EventsInCSharp.csproj", "{6995250E-48EE-4B89-A23F-0013495EE47C}"
EndProject
Project("{FAE04EC0-301F-11D3-BF4B-00C04F79EFBC}") = "E-Commerce Console Application", "PracticeKT1\E-Commerce Console Application.csproj", "{EE3CDC3F-C89A-4E08-AFDE-45909DA8BD18}"
EndProject
Project("{FAE04EC0-301F-11D3-BF4B-00C04F79EFBC}") = "ThreadsInCSharp", "ThreadsInCSharp\ThreadsInCSharp.csproj", "{9285D1F8-7236-4C6C-B577-FFE9E8CDFDEE}"
EndProject
Project("{FAE04EC0-301F-11D3-BF4B-00C04F79EFBC}") = "SmartBankingSystem", "SmartBankingSystem\SmartBankingSystem.csproj", "{03BF745C-2E2B-4914-B13F-99E9F77DE429}"
EndProject
Global
	GlobalSection(SolutionConfigurationPlatforms) = preSolution
		Debug|Any CPU = Debug|Any CPU
		Release|Any CPU = Release|Any CPU
	EndGlobalSection
	GlobalSection(ProjectConfigurationPlatforms) = postSolution
		{FD420375-6521-4E33-8DFF-48518B328E01}.Debug|Any CPU.ActiveCfg = Debug|Any CPU
		{FD420375-6521-4E33-8DFF-48518B328E01}.Debug|Any CPU.Build.0 = Debug|Any CPU
		{FD420375-6521-4E33-8DFF-48518B328E01}.Release|Any CPU.ActiveCfg = Release|Any CPU
		{FD420375-6521-4E33-8DFF-48518B328E01}.Release|Any CPU.Build.0 = Release|Any CPU
		{548712E7-E947-402F-9804-3BA2AB2C8190}.Debug|Any CPU.ActiveCfg = Debug|Any CPU
		{548712E7-E947-402F-9804-3BA2AB2C8190}.Debug|Any CPU.Build.0 = Debug|Any CPU
		{548712E7-E947-402F-9804-3BA2AB2C8190}.Release|Any CPU.ActiveCfg = Release|Any CPU
		{548712E7-E947-402F-9804-3BA2AB2C8190}.Release|Any CPU.Build.0 = Release|Any CPU
		{32C3B100-BDB2-47B7-ABCD-EEEACDEC9E57}.Debug|Any CPU.ActiveCfg = Debug|Any CPU
		{32C3B100-BDB2-47B7-ABCD-EEEACDEC9E57}.Debug|Any CPU.Build.0 = Debug|Any CPU
		{32C3B100-BDB2-47B7-ABCD-EEEACDEC9E57}.Release|Any CPU.ActiveCfg = Release|Any CPU
		{32C3B100-BDB2-47B7-ABCD-EEEACDEC9E57}.Release|Any CPU.Build.0 = Release|Any CPU
		{FA6EC25A-BF13-4F77-97A9-40A37CF29088}.Debug|Any CPU.ActiveCfg = Debug|Any CPU
		{FA6EC25A-BF13-4F77-97A9-40A37CF29088}.Debug|Any CPU.Build.0 = Debug|Any CPU
		{FA6EC25A-BF13-4F77-97A9-40A37CF29088}.Release|Any CPU.ActiveCfg = Release|Any CPU
		{FA6EC25A-BF13-4F77-97A9-40A37CF29088}.Release|Any CPU.Build.0 = Release|Any CPU
		{AEE1DE49-7B4C-4269-9BDD-6654FEE64426}.Debug|Any CPU.ActiveCfg = Debug|Any CPU
		{AEE1DE49-7B4C-4269-9BDD-6654FEE64426}.Debug|Any CPU.Build.0 = Debug|Any CPU
		{AEE1DE49-7B4C-4269-9BDD-6654FEE64426}.Release|Any CPU.ActiveCfg = Release|Any CPU
		{AEE1DE49-7B4C-4269-9BDD-6654FEE64426}.Release|Any CPU.Build.0 = Release|Any CPU
		{021C92DB-56CC-4485-81F4-A8835AC3ADFD}.Debug|Any CPU.ActiveCfg = Debug|Any CPU
		{021C92DB-56CC-4485-81F4-A8835AC3ADFD}.Debug|Any CPU.Build.0 = Debug|Any CPU
		{021C92DB-56CC-4485-81F4-A8835AC3ADFD}.Release|Any CPU.ActiveCfg = Release|Any CPU
		{021C92DB-56CC-4485-81F4-A8835AC3ADFD}.Release|Any CPU.Build.0 = Release|Any CPU
		{2521DED7-849C-4B08-BD39-705F2F65CD7C}.Debug|Any CPU.ActiveCfg = Debug|Any CPU
		{2521DED7-849C-4B08-BD39-705F2F65CD7C}.Debug|Any CPU.Build.0 = Debug|Any CPU
		{2521DED7-849C-4B08-BD39-705F2F65CD7C}.Release|Any CPU.ActiveCfg = Release|Any CPU
		{2521DED7-849C-4B08-BD39-705F2F65CD7C}.Release|Any CPU.Build.0 = Release|Any CPU
		{363476FA-3903-473C-98A1-F500D4A17B22}.Debug|Any CPU.ActiveCfg = Debug|Any CPU
		{363476FA-3903-473C-98A1-F500D4A17B22}.Debug|Any CPU.Build.0 = Debug|Any CPU
		{363476FA-3903-473C-98A1-F500D4A17B22}.Release|Any CPU.ActiveCfg = Release|Any CPU
		{363476FA-3903-473C-98A1-F500D4A17B22}.Release|Any CPU.Build.0 = Release|Any CPU
		{9234EDF7-FECD-4DD7-AED0-B08AD32A319F}.Debug|Any CPU.ActiveCfg = Debug|Any CPU
		{9234EDF7-FECD-4DD7-AED0-B08AD32A319F}.Debug|Any CPU.Build.0 = Debug|Any CPU
		{9234EDF7-FECD-4DD7-AED0-B08AD32A319F}.Release|Any CPU.ActiveCfg = Release|Any CPU
		{9234EDF7-FECD-4DD7-AED0-B08AD32A319F}.Release|Any CPU.Build.0 = Release|Any CPU
		{78F589ED-5C4F-4D36-B399-C5914C05AA3D}.Debug|Any CPU.ActiveCfg = Debug|Any CPU
		{78F589ED-5C4F-4D36-B399-C5914C05AA3D}.Debug|Any CPU.Build.0 = Debug|Any CPU
		{78F589ED-5C4F-4D36-B399-C5914C05AA3D}.Release|Any CPU.ActiveCfg = Release|Any CPU
		{78F589ED-5C4F-4D36-B399-C5914C05AA3D}.Release|Any CPU.Build.0 = Release|Any CPU
		{F0E7E9C7-0C01-470D-B387-539FA9F0431C}.Debug|Any CPU.ActiveCfg = Debug|Any CPU
		{F0E7E9C7-0C01-470D-B387-539FA9F0431C}.Debug|Any CPU.Build.0 = Debug|Any CPU
		{F0E7E9C7-0C01-470D-B387-539FA9F0431C}.Release|Any CPU.ActiveCfg = Release|Any CPU
		{F0E7E9C7-0C01-470D-B387-539FA9F0431C}.Release|Any CPU.Build.0 = Release|Any CPU
		{BCB462E2-2E14-4C14-A51F-115C0B75D2FC}.Debug|Any CPU.ActiveCfg = Debug|Any CPU
		{BCB462E2-2E14-4C14-A51F-115C0B75D2FC}.Debug|Any CPU.Build.0 = Debug|Any CPU
		{BCB462E2-2E14-4C14-A51F-115C0B75D2FC}.Release|Any CPU.ActiveCfg = Release|Any CPU
		{BCB462E2-2E14-4C14-A51F-115C0B75D2FC}.Release|Any CPU.Build.0 = Release|Any CPU
		{748A1F0C-A865-4F3A-B346-20AC60CCC7B6}.Debug|Any CPU.ActiveCfg = Debug|Any CPU
		{748A1F0C-A865-4F3A-B346-20AC60CCC7B6}.Debug|Any CPU.Build.0 = Debug|Any CPU
		{748A1F0C-A865-4F3A-B346-20AC60CCC7B6}.Release|Any CPU.ActiveCfg = Release|Any CPU
		{748A1F0C-A865-4F3A-B346-20AC60CCC7B6}.Release|Any CPU.Build.0 = Release|Any CPU
		{6255E13A-5064-40E7-A709-BF9FF86ECF6C}.Debug|Any CPU.ActiveCfg = Debug|Any CPU
		{6255E13A-5064-40E7-A709-BF9FF86ECF6C}.Debug|Any CPU.Build.0 = Debug|Any CPU
		{6255E13A-5064-40E7-A709-BF9FF86ECF6C}.Release|Any CPU.ActiveCfg = Release|Any CPU
		{6255E13A-5064-40E7-A709-BF9FF86ECF6C}.Release|Any CPU.Build.0 = Release|Any CPU
		{3212AE19-6E26-41D5-8B53-E1C2847D8647}.Debug|Any CPU.ActiveCfg = Debug|Any CPU
		{3212AE19-6E26-41D5-8B53-E1C2847D8647}.Debug|Any CPU.Build.0 = Debug|Any CPU
		{3212AE19-6E26-41D5-8B53-E1C2847D8647}.Release|Any CPU.ActiveCfg = Release|Any CPU
		{3212AE19-6E26-41D5-8B53-E1C2847D8647}.Release|Any CPU.Build.0 = Release|Any CPU
		{AEA8320E-6530-41F8-9EE4-388291D64DC7}.Debug|Any CPU.ActiveCfg = Debug|Any CPU
		{AEA8320E-6530-41F8-9EE4-388291D64DC7}.Debug|Any CPU.Build.0 = Debug|Any CPU
		{AEA8320E-6530-41F8-9EE4-388291D64DC7}.Release|Any CPU.ActiveCfg = Release|Any CPU
		{AEA8320E-6530-41F8-9EE4-388291D64DC7}.Release|Any CPU.Build.0 = Release|Any CPU
		{2339B192-7DA4-453B-B998-AE196CDCBE41}.Debug|Any CPU.ActiveCfg = Debug|Any CPU
		{2339B192-7DA4-453B-B998-AE196CDCBE41}.Debug|Any CPU.Build.0 = Debug|Any CPU
		{2339B192-7DA4-453B-B998-AE196CDCBE41}.Release|Any CPU.ActiveCfg = Release|Any CPU
		{2339B192-7DA4-453B-B998-AE196CDCBE41}.Release|Any CPU.Build.0 = Release|Any CPU
		{F1A17C4B-F8DC-4202-8EED-34DA7882C75B}.Debug|Any CPU.ActiveCfg = Debug|Any CPU
		{F1A17C4B-F8DC-4202-8EED-34DA7882C75B}.Debug|Any CPU.Build.0 = Debug|Any CPU
		{F1A17C4B-F8DC-4202-8EED-34DA7882C75B}.Release|Any CPU.ActiveCfg = Release|Any CPU
		{F1A17C4B-F8DC-4202-8EED-34DA7882C75B}.Release|Any CPU.Build.0 = Release|Any CPU
		{22364A00-2AF3-4363-BE91-3CA2FB70D1F4}.Debug|Any CPU.ActiveCfg = Debug|Any CPU
		{22364A00-2AF3-4363-BE91-3CA2FB70D1F4}.Debug|Any CPU.Build.0 = Debug|Any CPU
		{22364A00-2AF3-4363-BE91-3CA2FB70D1F4}.Release|Any CPU.ActiveCfg = Release|Any CPU
		{22364A00-2AF3-4363-BE91-3CA2FB70D1F4}.Release|Any CPU.Build.0 = Release|Any CPU
		{540FB63B-C7B2-4D3E-A3FC-0F8F05CDA424}.Debug|Any CPU.ActiveCfg = Debug|Any CPU
		{540FB63B-C7B2-4D3E-A3FC-0F8F05CDA424}.Debug|Any CPU.Build.0 = Debug|Any CPU
		{540FB63B-C7B2-4D3E-A3FC-0F8F05CDA424}.Release|Any CPU.ActiveCfg = Release|Any CPU
		{540FB63B-C7B2-4D3E-A3FC-0F8F05CDA424}.Release|Any CPU.Build.0 = Release|Any CPU
		{B72DD373-3654-4277-AC6B-27933F8A667E}.Debug|Any CPU.ActiveCfg = Debug|Any CPU
		{B72DD373-3654-4277-AC6B-27933F8A667E}.Debug|Any CPU.Build.0 = Debug|Any CPU
		{B72DD373-3654-4277-AC6B-27933F8A667E}.Release|Any CPU.ActiveCfg = Release|Any CPU
		{B72DD373-3654-4277-AC6B-27933F8A667E}.Release|Any CPU.Build.0 = Release|Any CPU
		{CEF8786A-C0A8-4B93-A00B-F8B80BF05A50}.Debug|Any CPU.ActiveCfg = Debug|Any CPU
		{CEF8786A-C0A8-4B93-A00B-F8B80BF05A50}.Debug|Any CPU.Build.0 = Debug|Any CPU
		{CEF8786A-C0A8-4B93-A00B-F8B80BF05A50}.Release|Any CPU.ActiveCfg = Release|Any CPU
		{CEF8786A-C0A8-4B93-A00B-F8B80BF05A50}.Release|Any CPU.Build.0 = Release|Any CPU
		{D31D1AF6-16AE-4181-B895-A83FAA180DA5}.Debug|Any CPU.ActiveCfg = Debug|Any CPU
		{D31D1AF6-16AE-4181-B895-A83FAA180DA5}.Debug|Any CPU.Build.0 = Debug|Any CPU
		{D31D1AF6-16AE-4181-B895-A83FAA180DA5}.Release|Any CPU.ActiveCfg = Release|Any CPU
		{D31D1AF6-16AE-4181-B895-A83FAA180DA5}.Release|Any CPU.Build.0 = Release|Any CPU
		{BFB10276-8369-498C-9E77-5E2EA1B810B8}.Debug|Any CPU.ActiveCfg = Debug|Any CPU
		{BFB10276-8369-498C-9E77-5E2EA1B810B8}.Debug|Any CPU.Build.0 = Debug|Any CPU
		{BFB10276-8369-498C-9E77-5E2EA1B810B8}.Release|Any CPU.ActiveCfg = Release|Any CPU
		{BFB10276-8369-498C-9E77-5E2EA1B810B8}.Release|Any CPU.Build.0 = Release|Any CPU
		{8C9CA614-822A-4BE1-B046-0D8301D0CE43}.Debug|Any CPU.ActiveCfg = Debug|Any CPU
		{8C9CA614-822A-4BE1-B046-0D8301D0CE43}.Debug|Any CPU.Build.0 = Debug|Any CPU
		{8C9CA614-822A-4BE1-B046-0D8301D0CE43}.Release|Any CPU.ActiveCfg = Release|Any CPU
		{8C9CA614-822A-4BE1-B046-0D8301D0CE43}.Release|Any CPU.Build.0 = Release|Any CPU
		{4E92A7B3-6E67-4F55-9A8F-726933A8B2C8}.Debug|Any CPU.ActiveCfg = Debug|Any CPU
		{4E92A7B3-6E67-4F55-9A8F-726933A8B2C8}.Debug|Any CPU.Build.0 = Debug|Any CPU
		{4E92A7B3-6E67-4F55-9A8F-726933A8B2C8}.Release|Any CPU.ActiveCfg = Release|Any CPU
		{4E92A7B3-6E67-4F55-9A8F-726933A8B2C8}.Release|Any CPU.Build.0 = Release|Any CPU
		{52659467-595E-4BD8-906C-06136E9ED433}.Debug|Any CPU.ActiveCfg = Debug|Any CPU
		{52659467-595E-4BD8-906C-06136E9ED433}.Debug|Any CPU.Build.0 = Debug|Any CPU
		{52659467-595E-4BD8-906C-06136E9ED433}.Release|Any CPU.ActiveCfg = Release|Any CPU
		{52659467-595E-4BD8-906C-06136E9ED433}.Release|Any CPU.Build.0 = Release|Any CPU
		{367EA513-1310-457A-97FB-0F0B64771519}.Debug|Any CPU.ActiveCfg = Debug|Any CPU
		{367EA513-1310-457A-97FB-0F0B64771519}.Debug|Any CPU.Build.0 = Debug|Any CPU
		{367EA513-1310-457A-97FB-0F0B64771519}.Release|Any CPU.ActiveCfg = Release|Any CPU
		{367EA513-1310-457A-97FB-0F0B64771519}.Release|Any CPU.Build.0 = Release|Any CPU
		{020D0C7A-5B2A-4E20-8454-B7705C43FA27}.Debug|Any CPU.ActiveCfg = Debug|Any CPU
		{020D0C7A-5B2A-4E20-8454-B7705C43FA27}.Debug|Any CPU.Build.0 = Debug|Any CPU
		{020D0C7A-5B2A-4E20-8454-B7705C43FA27}.Release|Any CPU.ActiveCfg = Release|Any CPU
		{020D0C7A-5B2A-4E20-8454-B7705C43FA27}.Release|Any CPU.Build.0 = Release|Any CPU
		{1C38AB41-7E69-4672-A2D6-F2A9BADBE97F}.Debug|Any CPU.ActiveCfg = Debug|Any CPU
		{1C38AB41-7E69-4672-A2D6-F2A9BADBE97F}.Debug|Any CPU.Build.0 = Debug|Any CPU
		{1C38AB41-7E69-4672-A2D6-F2A9BADBE97F}.Release|Any CPU.ActiveCfg = Release|Any CPU
		{1C38AB41-7E69-4672-A2D6-F2A9BADBE97F}.Release|Any CPU.Build.0 = Release|Any CPU
		{6995250E-48EE-4B89-A23F-0013495EE47C}.Debug|Any CPU.ActiveCfg = Debug|Any CPU
		{6995250E-48EE-4B89-A23F-0013495EE47C}.Debug|Any CPU.Build.0 = Debug|Any CPU
		{6995250E-48EE-4B89-A23F-0013495EE47C}.Release|Any CPU.ActiveCfg = Release|Any CPU
		{6995250E-48EE-4B89-A23F-0013495EE47C}.Release|Any CPU.Build.0 = Release|Any CPU
		{EE3CDC3F-C89A-4E08-AFDE-45909DA8BD18}.Debug|Any CPU.ActiveCfg = Debug|Any CPU
		{EE3CDC3F-C89A-4E08-AFDE-45909DA8BD18}.Debug|Any CPU.Build.0 = Debug|Any CPU
		{EE3CDC3F-C89A-4E08-AFDE-45909DA8BD18}.Release|Any CPU.ActiveCfg = Release|Any CPU
		{EE3CDC3F-C89A-4E08-AFDE-45909DA8BD18}.Release|Any CPU.Build.0 = Release|Any CPU
		{9285D1F8-7236-4C6C-B577-FFE9E8CDFDEE}.Debug|Any CPU.ActiveCfg = Debug|Any CPU
		{9285D1F8-7236-4C6C-B577-FFE9E8CDFDEE}.Debug|Any CPU.Build.0 = Debug|Any CPU
		{9285D1F8-7236-4C6C-B577-FFE9E8CDFDEE}.Release|Any CPU.ActiveCfg = Release|Any CPU
		{9285D1F8-7236-4C6C-B577-FFE9E8CDFDEE}.Release|Any CPU.Build.0 = Release|Any CPU
		{03BF745C-2E2B-4914-B13F-99E9F77DE429}.Debug|Any CPU.ActiveCfg = Debug|Any CPU
		{03BF745C-2E2B-4914-B13F-99E9F77DE429}.Debug|Any CPU.Build.0 = Debug|Any CPU
		{03BF745C-2E2B-4914-B13F-99E9F77DE429}.Release|Any CPU.ActiveCfg = Release|Any CPU
		{03BF745C-2E2B-4914-B13F-99E9F77DE429}.Release|Any CPU.Build.0 = Release|Any CPU
	EndGlobalSection
	GlobalSection(SolutionProperties) = preSolution
		HideSolutionNode = FALSE
	EndGlobalSection
	GlobalSection(ExtensibilityGlobals) = postSolution
		SolutionGuid = {DE9B53AB-E697-4790-9652-1949615F4CC0}
	EndGlobalSection
EndGlobal
